
Microsoft Visual Studio Solution File, Format Version 12.00
# Visual Studio Version 16
VisualStudioVersion = 16.0.30114.105
MinimumVisualStudioVersion = 10.0.40219.1
Project("{FAE04EC0-301F-11D3-BF4B-00C04F79EFBC}") = "FilmsList.API", "FilmsList.API\FilmsList.API.csproj", "{A48B63E7-9892-4E90-93A5-2583696D2EE8}"
EndProject
Project("{FAE04EC0-301F-11D3-BF4B-00C04F79EFBC}") = "FilmsList.Application", "FilmsList.Application\FilmsList.Application.csproj", "{BDD8F138-CB70-45CC-B26F-0F53375E58F7}"
EndProject
Project("{FAE04EC0-301F-11D3-BF4B-00C04F79EFBC}") = "FilmsList.Infra.Data", "FilmsList.Infra.Data\FilmsList.Infra.Data.csproj", "{FCD75F12-A221-410F-9DFC-FC7739DB6FF1}"
EndProject
Project("{FAE04EC0-301F-11D3-BF4B-00C04F79EFBC}") = "FilmsList.Infra.IoC", "FilmsList.Infra.IoC\FilmsList.Infra.IoC.csproj", "{BECACC3A-8440-4FCE-90DD-FA10AAAFE5B0}"
EndProject
Project("{FAE04EC0-301F-11D3-BF4B-00C04F79EFBC}") = "FilmsList.Domain", "FilmsList.Domain\FilmsList.Domain.csproj", "{8B311365-D243-424E-93F4-4CBE644EE8ED}"
EndProject
Global
	GlobalSection(SolutionConfigurationPlatforms) = preSolution
		Debug|Any CPU = Debug|Any CPU
		Release|Any CPU = Release|Any CPU
	EndGlobalSection
	GlobalSection(SolutionProperties) = preSolution
		HideSolutionNode = FALSE
	EndGlobalSection
	GlobalSection(ProjectConfigurationPlatforms) = postSolution
		{A48B63E7-9892-4E90-93A5-2583696D2EE8}.Debug|Any CPU.ActiveCfg = Debug|Any CPU
		{A48B63E7-9892-4E90-93A5-2583696D2EE8}.Debug|Any CPU.Build.0 = Debug|Any CPU
		{A48B63E7-9892-4E90-93A5-2583696D2EE8}.Release|Any CPU.ActiveCfg = Release|Any CPU
		{A48B63E7-9892-4E90-93A5-2583696D2EE8}.Release|Any CPU.Build.0 = Release|Any CPU
		{BDD8F138-CB70-45CC-B26F-0F53375E58F7}.Debug|Any CPU.ActiveCfg = Debug|Any CPU
		{BDD8F138-CB70-45CC-B26F-0F53375E58F7}.Debug|Any CPU.Build.0 = Debug|Any CPU
		{BDD8F138-CB70-45CC-B26F-0F53375E58F7}.Release|Any CPU.ActiveCfg = Release|Any CPU
		{BDD8F138-CB70-45CC-B26F-0F53375E58F7}.Release|Any CPU.Build.0 = Release|Any CPU
		{FCD75F12-A221-410F-9DFC-FC7739DB6FF1}.Debug|Any CPU.ActiveCfg = Debug|Any CPU
		{FCD75F12-A221-410F-9DFC-FC7739DB6FF1}.Debug|Any CPU.Build.0 = Debug|Any CPU
		{FCD75F12-A221-410F-9DFC-FC7739DB6FF1}.Release|Any CPU.ActiveCfg = Release|Any CPU
		{FCD75F12-A221-410F-9DFC-FC7739DB6FF1}.Release|Any CPU.Build.0 = Release|Any CPU
		{BECACC3A-8440-4FCE-90DD-FA10AAAFE5B0}.Debug|Any CPU.ActiveCfg = Debug|Any CPU
		{BECACC3A-8440-4FCE-90DD-FA10AAAFE5B0}.Debug|Any CPU.Build.0 = Debug|Any CPU
		{BECACC3A-8440-4FCE-90DD-FA10AAAFE5B0}.Release|Any CPU.ActiveCfg = Release|Any CPU
		{BECACC3A-8440-4FCE-90DD-FA10AAAFE5B0}.Release|Any CPU.Build.0 = Release|Any CPU
		{8B311365-D243-424E-93F4-4CBE644EE8ED}.Debug|Any CPU.ActiveCfg = Debug|Any CPU
		{8B311365-D243-424E-93F4-4CBE644EE8ED}.Debug|Any CPU.Build.0 = Debug|Any CPU
		{8B311365-D243-424E-93F4-4CBE644EE8ED}.Release|Any CPU.ActiveCfg = Release|Any CPU
		{8B311365-D243-424E-93F4-4CBE644EE8ED}.Release|Any CPU.Build.0 = Release|Any CPU
	EndGlobalSection
EndGlobal
